// !$*UTF8*$!
{
	archiveVersion = 1;
	classes = {
	};
	objectVersion = 56;
	objects = {

/* Begin PBXBuildFile section */
		7303CBC42A6EF9BF0073C51A /* TagCloudView.swift in Sources */ = {isa = PBXBuildFile; fileRef = 7303CBC32A6EF9BF0073C51A /* TagCloudView.swift */; };
		734216522A43527200D248A2 /* ClimbEditSheet.swift in Sources */ = {isa = PBXBuildFile; fileRef = 734216512A43527200D248A2 /* ClimbEditSheet.swift */; };
		73553BF42A33B375005974C8 /* SetTrackerApp.swift in Sources */ = {isa = PBXBuildFile; fileRef = 73553BF32A33B375005974C8 /* SetTrackerApp.swift */; };
		73553BF82A33B377005974C8 /* Assets.xcassets in Resources */ = {isa = PBXBuildFile; fileRef = 73553BF72A33B377005974C8 /* Assets.xcassets */; };
		73553BFB2A33B377005974C8 /* Preview Assets.xcassets in Resources */ = {isa = PBXBuildFile; fileRef = 73553BFA2A33B377005974C8 /* Preview Assets.xcassets */; };
		73553C072A33B377005974C8 /* SetTrackerTests.swift in Sources */ = {isa = PBXBuildFile; fileRef = 73553C062A33B377005974C8 /* SetTrackerTests.swift */; };
		73553C112A33B377005974C8 /* SetTrackerUITests.swift in Sources */ = {isa = PBXBuildFile; fileRef = 73553C102A33B377005974C8 /* SetTrackerUITests.swift */; };
		73553C132A33B377005974C8 /* SetTrackerUITestsLaunchTests.swift in Sources */ = {isa = PBXBuildFile; fileRef = 73553C122A33B377005974C8 /* SetTrackerUITestsLaunchTests.swift */; };
		73553C232A33B3C9005974C8 /* Gym.swift in Sources */ = {isa = PBXBuildFile; fileRef = 73553C222A33B3C9005974C8 /* Gym.swift */; };
		73553C252A33B3CF005974C8 /* Zone.swift in Sources */ = {isa = PBXBuildFile; fileRef = 73553C242A33B3CF005974C8 /* Zone.swift */; };
		73553C272A33B3D5005974C8 /* Climb.swift in Sources */ = {isa = PBXBuildFile; fileRef = 73553C262A33B3D5005974C8 /* Climb.swift */; };
		73553C292A33B3DA005974C8 /* Grade.swift in Sources */ = {isa = PBXBuildFile; fileRef = 73553C282A33B3DA005974C8 /* Grade.swift */; };
		73553C2B2A33B61C005974C8 /* GradeTests.swift in Sources */ = {isa = PBXBuildFile; fileRef = 73553C2A2A33B61C005974C8 /* GradeTests.swift */; };
		735FFB4A2A3527900098C791 /* AddGymView.swift in Sources */ = {isa = PBXBuildFile; fileRef = 735FFB492A3527900098C791 /* AddGymView.swift */; };
		735FFB4C2A3634410098C791 /* GymSummaryView.swift in Sources */ = {isa = PBXBuildFile; fileRef = 735FFB4B2A3634410098C791 /* GymSummaryView.swift */; };
		737EDCF42A899FBA0084AA89 /* HorizontalPicker.swift in Sources */ = {isa = PBXBuildFile; fileRef = 737EDCF32A899FBA0084AA89 /* HorizontalPicker.swift */; };
		7381FCAD2A8E705300B8C83D /* HoldColors.swift in Sources */ = {isa = PBXBuildFile; fileRef = 7381FCAC2A8E705300B8C83D /* HoldColors.swift */; };
		7381FCAF2A8E708800B8C83D /* Style.swift in Sources */ = {isa = PBXBuildFile; fileRef = 7381FCAE2A8E708800B8C83D /* Style.swift */; };
		738F15BD2A60BFC40052131C /* MultiPicker.swift in Sources */ = {isa = PBXBuildFile; fileRef = 738F15BC2A60BFC40052131C /* MultiPicker.swift */; };
		738FA2652A33D94100CAB9CA /* ClimbTest.swift in Sources */ = {isa = PBXBuildFile; fileRef = 738FA2642A33D94100CAB9CA /* ClimbTest.swift */; };
		738FA2682A33EA6500CAB9CA /* HomeView.swift in Sources */ = {isa = PBXBuildFile; fileRef = 738FA2672A33EA6500CAB9CA /* HomeView.swift */; };
		73909EF52A87D7FF007A24DC /* TimeUpDating.swift in Sources */ = {isa = PBXBuildFile; fileRef = 73909EF42A87D7FF007A24DC /* TimeUpDating.swift */; };
		7392AD312A5F76990031E07A /* ClimbDescriptionView.swift in Sources */ = {isa = PBXBuildFile; fileRef = 7392AD302A5F76990031E07A /* ClimbDescriptionView.swift */; };
		739C34DF2A662376009CB3CF /* ChartDataModel.swift in Sources */ = {isa = PBXBuildFile; fileRef = 739C34DE2A662376009CB3CF /* ChartDataModel.swift */; };
		73A5A0072A66F19400ED0B12 /* AllChartsView.swift in Sources */ = {isa = PBXBuildFile; fileRef = 73A5A0062A66F19400ED0B12 /* AllChartsView.swift */; };
		73ACA5062A8AA8120098A507 /* ColorPicker.swift in Sources */ = {isa = PBXBuildFile; fileRef = 73ACA5052A8AA8120098A507 /* ColorPicker.swift */; };
		73B6F9A42A3A2004005AF153 /* PreviewSampleData.swift in Sources */ = {isa = PBXBuildFile; fileRef = 73B6F9A32A3A2004005AF153 /* PreviewSampleData.swift */; };
		73B6F9A72A3A2A1B005AF153 /* GradeChartView.swift in Sources */ = {isa = PBXBuildFile; fileRef = 73B6F9A62A3A2A1B005AF153 /* GradeChartView.swift */; };
		73B6F9AB2A3A95FA005AF153 /* ZoneSummaryView.swift in Sources */ = {isa = PBXBuildFile; fileRef = 73B6F9AA2A3A95FA005AF153 /* ZoneSummaryView.swift */; };
		73C35E842A857F27004B05D3 /* DifficultyCurveView.swift in Sources */ = {isa = PBXBuildFile; fileRef = 73C35E832A857F27004B05D3 /* DifficultyCurveView.swift */; };
		73D69DF32A62309A00B68425 /* StyleChartView.swift in Sources */ = {isa = PBXBuildFile; fileRef = 73D69DF22A62309900B68425 /* StyleChartView.swift */; };
		73E021962A97B7CE002CDF18 /* HelperMath.swift in Sources */ = {isa = PBXBuildFile; fileRef = 73E021952A97B7CE002CDF18 /* HelperMath.swift */; };
		73E2BF392A8D9EC900843376 /* GlobalModelContext.swift in Sources */ = {isa = PBXBuildFile; fileRef = 73E2BF382A8D9EC900843376 /* GlobalModelContext.swift */; };
		73F2389F2A5A3D0E005EA147 /* HelperExtensions.swift in Sources */ = {isa = PBXBuildFile; fileRef = 73F2389E2A5A3D0E005EA147 /* HelperExtensions.swift */; };
		73F5D0A72A797A470050149B /* ZoneListView.swift in Sources */ = {isa = PBXBuildFile; fileRef = 73F5D0A62A797A470050149B /* ZoneListView.swift */; };
		73F5D0A92A7987560050149B /* DateEditSheet.swift in Sources */ = {isa = PBXBuildFile; fileRef = 73F5D0A82A7987560050149B /* DateEditSheet.swift */; };
		73F7DCC72A6F16620068C7E4 /* DifficultyCurve.swift in Sources */ = {isa = PBXBuildFile; fileRef = 73F7DCC62A6F16620068C7E4 /* DifficultyCurve.swift */; };
/* End PBXBuildFile section */

/* Begin PBXContainerItemProxy section */
		73553C032A33B377005974C8 /* PBXContainerItemProxy */ = {
			isa = PBXContainerItemProxy;
			containerPortal = 73553BE82A33B375005974C8 /* Project object */;
			proxyType = 1;
			remoteGlobalIDString = 73553BEF2A33B375005974C8;
			remoteInfo = SetTracker;
		};
		73553C0D2A33B377005974C8 /* PBXContainerItemProxy */ = {
			isa = PBXContainerItemProxy;
			containerPortal = 73553BE82A33B375005974C8 /* Project object */;
			proxyType = 1;
			remoteGlobalIDString = 73553BEF2A33B375005974C8;
			remoteInfo = SetTracker;
		};
/* End PBXContainerItemProxy section */

/* Begin PBXFileReference section */
		7303CBC32A6EF9BF0073C51A /* TagCloudView.swift */ = {isa = PBXFileReference; lastKnownFileType = sourcecode.swift; path = TagCloudView.swift; sourceTree = "<group>"; };
		734216512A43527200D248A2 /* ClimbEditSheet.swift */ = {isa = PBXFileReference; lastKnownFileType = sourcecode.swift; path = ClimbEditSheet.swift; sourceTree = "<group>"; };
		73553BF02A33B375005974C8 /* SetTracker.app */ = {isa = PBXFileReference; explicitFileType = wrapper.application; includeInIndex = 0; path = SetTracker.app; sourceTree = BUILT_PRODUCTS_DIR; };
		73553BF32A33B375005974C8 /* SetTrackerApp.swift */ = {isa = PBXFileReference; lastKnownFileType = sourcecode.swift; path = SetTrackerApp.swift; sourceTree = "<group>"; };
		73553BF72A33B377005974C8 /* Assets.xcassets */ = {isa = PBXFileReference; lastKnownFileType = folder.assetcatalog; path = Assets.xcassets; sourceTree = "<group>"; };
		73553BFA2A33B377005974C8 /* Preview Assets.xcassets */ = {isa = PBXFileReference; lastKnownFileType = folder.assetcatalog; path = "Preview Assets.xcassets"; sourceTree = "<group>"; };
		73553C022A33B377005974C8 /* SetTrackerTests.xctest */ = {isa = PBXFileReference; explicitFileType = wrapper.cfbundle; includeInIndex = 0; path = SetTrackerTests.xctest; sourceTree = BUILT_PRODUCTS_DIR; };
		73553C062A33B377005974C8 /* SetTrackerTests.swift */ = {isa = PBXFileReference; lastKnownFileType = sourcecode.swift; path = SetTrackerTests.swift; sourceTree = "<group>"; };
		73553C0C2A33B377005974C8 /* SetTrackerUITests.xctest */ = {isa = PBXFileReference; explicitFileType = wrapper.cfbundle; includeInIndex = 0; path = SetTrackerUITests.xctest; sourceTree = BUILT_PRODUCTS_DIR; };
		73553C102A33B377005974C8 /* SetTrackerUITests.swift */ = {isa = PBXFileReference; lastKnownFileType = sourcecode.swift; path = SetTrackerUITests.swift; sourceTree = "<group>"; };
		73553C122A33B377005974C8 /* SetTrackerUITestsLaunchTests.swift */ = {isa = PBXFileReference; lastKnownFileType = sourcecode.swift; path = SetTrackerUITestsLaunchTests.swift; sourceTree = "<group>"; };
		73553C222A33B3C9005974C8 /* Gym.swift */ = {isa = PBXFileReference; fileEncoding = 4; lastKnownFileType = sourcecode.swift; path = Gym.swift; sourceTree = "<group>"; };
		73553C242A33B3CF005974C8 /* Zone.swift */ = {isa = PBXFileReference; fileEncoding = 4; lastKnownFileType = sourcecode.swift; path = Zone.swift; sourceTree = "<group>"; };
		73553C262A33B3D5005974C8 /* Climb.swift */ = {isa = PBXFileReference; fileEncoding = 4; lastKnownFileType = sourcecode.swift; path = Climb.swift; sourceTree = "<group>"; };
		73553C282A33B3DA005974C8 /* Grade.swift */ = {isa = PBXFileReference; fileEncoding = 4; lastKnownFileType = sourcecode.swift; path = Grade.swift; sourceTree = "<group>"; };
		73553C2A2A33B61C005974C8 /* GradeTests.swift */ = {isa = PBXFileReference; lastKnownFileType = sourcecode.swift; path = GradeTests.swift; sourceTree = "<group>"; };
		735FFB492A3527900098C791 /* AddGymView.swift */ = {isa = PBXFileReference; lastKnownFileType = sourcecode.swift; path = AddGymView.swift; sourceTree = "<group>"; };
		735FFB4B2A3634410098C791 /* GymSummaryView.swift */ = {isa = PBXFileReference; lastKnownFileType = sourcecode.swift; path = GymSummaryView.swift; sourceTree = "<group>"; };
		737EDCF32A899FBA0084AA89 /* HorizontalPicker.swift */ = {isa = PBXFileReference; lastKnownFileType = sourcecode.swift; path = HorizontalPicker.swift; sourceTree = "<group>"; };
		7381FCAC2A8E705300B8C83D /* HoldColors.swift */ = {isa = PBXFileReference; lastKnownFileType = sourcecode.swift; path = HoldColors.swift; sourceTree = "<group>"; };
		7381FCAE2A8E708800B8C83D /* Style.swift */ = {isa = PBXFileReference; lastKnownFileType = sourcecode.swift; path = Style.swift; sourceTree = "<group>"; };
		738F15BC2A60BFC40052131C /* MultiPicker.swift */ = {isa = PBXFileReference; lastKnownFileType = sourcecode.swift; path = MultiPicker.swift; sourceTree = "<group>"; };
		738FA2642A33D94100CAB9CA /* ClimbTest.swift */ = {isa = PBXFileReference; lastKnownFileType = sourcecode.swift; path = ClimbTest.swift; sourceTree = "<group>"; };
		738FA2672A33EA6500CAB9CA /* HomeView.swift */ = {isa = PBXFileReference; lastKnownFileType = sourcecode.swift; path = HomeView.swift; sourceTree = "<group>"; };
		73909EF42A87D7FF007A24DC /* TimeUpDating.swift */ = {isa = PBXFileReference; lastKnownFileType = sourcecode.swift; path = TimeUpDating.swift; sourceTree = "<group>"; };
		7392AD302A5F76990031E07A /* ClimbDescriptionView.swift */ = {isa = PBXFileReference; lastKnownFileType = sourcecode.swift; path = ClimbDescriptionView.swift; sourceTree = "<group>"; };
		739C34DE2A662376009CB3CF /* ChartDataModel.swift */ = {isa = PBXFileReference; lastKnownFileType = sourcecode.swift; path = ChartDataModel.swift; sourceTree = "<group>"; };
		73A5A0062A66F19400ED0B12 /* AllChartsView.swift */ = {isa = PBXFileReference; lastKnownFileType = sourcecode.swift; path = AllChartsView.swift; sourceTree = "<group>"; };
		73ACA5052A8AA8120098A507 /* ColorPicker.swift */ = {isa = PBXFileReference; lastKnownFileType = sourcecode.swift; path = ColorPicker.swift; sourceTree = "<group>"; };
		73B6F9A32A3A2004005AF153 /* PreviewSampleData.swift */ = {isa = PBXFileReference; lastKnownFileType = sourcecode.swift; path = PreviewSampleData.swift; sourceTree = "<group>"; };
		73B6F9A62A3A2A1B005AF153 /* GradeChartView.swift */ = {isa = PBXFileReference; lastKnownFileType = sourcecode.swift; path = GradeChartView.swift; sourceTree = "<group>"; };
		73B6F9AA2A3A95FA005AF153 /* ZoneSummaryView.swift */ = {isa = PBXFileReference; lastKnownFileType = sourcecode.swift; path = ZoneSummaryView.swift; sourceTree = "<group>"; };
		73C35E832A857F27004B05D3 /* DifficultyCurveView.swift */ = {isa = PBXFileReference; lastKnownFileType = sourcecode.swift; path = DifficultyCurveView.swift; sourceTree = "<group>"; };
		73D69DF22A62309900B68425 /* StyleChartView.swift */ = {isa = PBXFileReference; lastKnownFileType = sourcecode.swift; path = StyleChartView.swift; sourceTree = "<group>"; };
		73E021952A97B7CE002CDF18 /* HelperMath.swift */ = {isa = PBXFileReference; lastKnownFileType = sourcecode.swift; path = HelperMath.swift; sourceTree = "<group>"; };
		73E2BF382A8D9EC900843376 /* GlobalModelContext.swift */ = {isa = PBXFileReference; lastKnownFileType = sourcecode.swift; path = GlobalModelContext.swift; sourceTree = "<group>"; };
		73F2389E2A5A3D0E005EA147 /* HelperExtensions.swift */ = {isa = PBXFileReference; lastKnownFileType = sourcecode.swift; path = HelperExtensions.swift; sourceTree = "<group>"; };
		73F5D0A62A797A470050149B /* ZoneListView.swift */ = {isa = PBXFileReference; lastKnownFileType = sourcecode.swift; path = ZoneListView.swift; sourceTree = "<group>"; };
		73F5D0A82A7987560050149B /* DateEditSheet.swift */ = {isa = PBXFileReference; lastKnownFileType = sourcecode.swift; path = DateEditSheet.swift; sourceTree = "<group>"; };
		73F7DCC62A6F16620068C7E4 /* DifficultyCurve.swift */ = {isa = PBXFileReference; lastKnownFileType = sourcecode.swift; path = DifficultyCurve.swift; sourceTree = "<group>"; };
/* End PBXFileReference section */

/* Begin PBXFrameworksBuildPhase section */
		73553BED2A33B375005974C8 /* Frameworks */ = {
			isa = PBXFrameworksBuildPhase;
			buildActionMask = 2147483647;
			files = (
			);
			runOnlyForDeploymentPostprocessing = 0;
		};
		73553BFF2A33B377005974C8 /* Frameworks */ = {
			isa = PBXFrameworksBuildPhase;
			buildActionMask = 2147483647;
			files = (
			);
			runOnlyForDeploymentPostprocessing = 0;
		};
		73553C092A33B377005974C8 /* Frameworks */ = {
			isa = PBXFrameworksBuildPhase;
			buildActionMask = 2147483647;
			files = (
			);
			runOnlyForDeploymentPostprocessing = 0;
		};
/* End PBXFrameworksBuildPhase section */

/* Begin PBXGroup section */
		73553BE72A33B375005974C8 = {
			isa = PBXGroup;
			children = (
				73553BF22A33B375005974C8 /* SetTracker */,
				73553C052A33B377005974C8 /* SetTrackerTests */,
				73553C0F2A33B377005974C8 /* SetTrackerUITests */,
				73553BF12A33B375005974C8 /* Products */,
			);
			sourceTree = "<group>";
		};
		73553BF12A33B375005974C8 /* Products */ = {
			isa = PBXGroup;
			children = (
				73553BF02A33B375005974C8 /* SetTracker.app */,
				73553C022A33B377005974C8 /* SetTrackerTests.xctest */,
				73553C0C2A33B377005974C8 /* SetTrackerUITests.xctest */,
			);
			name = Products;
			sourceTree = "<group>";
		};
		73553BF22A33B375005974C8 /* SetTracker */ = {
			isa = PBXGroup;
			children = (
				73553BF32A33B375005974C8 /* SetTrackerApp.swift */,
				738FA2662A33EA4700CAB9CA /* Views */,
				73553C1F2A33B38A005974C8 /* Models */,
				73F2389D2A5A3CDC005EA147 /* Helper */,
				73553BF92A33B377005974C8 /* Preview Content */,
				73553BF72A33B377005974C8 /* Assets.xcassets */,
			);
			path = SetTracker;
			sourceTree = "<group>";
		};
		73553BF92A33B377005974C8 /* Preview Content */ = {
			isa = PBXGroup;
			children = (
				73553BFA2A33B377005974C8 /* Preview Assets.xcassets */,
				73B6F9A32A3A2004005AF153 /* PreviewSampleData.swift */,
			);
			path = "Preview Content";
			sourceTree = "<group>";
		};
		73553C052A33B377005974C8 /* SetTrackerTests */ = {
			isa = PBXGroup;
			children = (
				73553C062A33B377005974C8 /* SetTrackerTests.swift */,
				73553C2A2A33B61C005974C8 /* GradeTests.swift */,
				738FA2642A33D94100CAB9CA /* ClimbTest.swift */,
			);
			path = SetTrackerTests;
			sourceTree = "<group>";
		};
		73553C0F2A33B377005974C8 /* SetTrackerUITests */ = {
			isa = PBXGroup;
			children = (
				73553C102A33B377005974C8 /* SetTrackerUITests.swift */,
				73553C122A33B377005974C8 /* SetTrackerUITestsLaunchTests.swift */,
			);
			path = SetTrackerUITests;
			sourceTree = "<group>";
		};
		73553C1F2A33B38A005974C8 /* Models */ = {
			isa = PBXGroup;
			children = (
				73553C222A33B3C9005974C8 /* Gym.swift */,
				73553C242A33B3CF005974C8 /* Zone.swift */,
				73553C262A33B3D5005974C8 /* Climb.swift */,
				73553C282A33B3DA005974C8 /* Grade.swift */,
				73F7DCC62A6F16620068C7E4 /* DifficultyCurve.swift */,
				7381FCAB2A8E701500B8C83D /* Enums */,
				73909EF32A87D76F007A24DC /* Protocols */,
				73E2BF382A8D9EC900843376 /* GlobalModelContext.swift */,
			);
			path = Models;
			sourceTree = "<group>";
		};
		7381FCAB2A8E701500B8C83D /* Enums */ = {
			isa = PBXGroup;
			children = (
				7381FCAC2A8E705300B8C83D /* HoldColors.swift */,
				7381FCAE2A8E708800B8C83D /* Style.swift */,
			);
			path = Enums;
			sourceTree = "<group>";
		};
		738F15BB2A60BF630052131C /* HelperView */ = {
			isa = PBXGroup;
			children = (
				738F15BC2A60BFC40052131C /* MultiPicker.swift */,
				7303CBC32A6EF9BF0073C51A /* TagCloudView.swift */,
				737EDCF32A899FBA0084AA89 /* HorizontalPicker.swift */,
				73ACA5052A8AA8120098A507 /* ColorPicker.swift */,
			);
			path = HelperView;
			sourceTree = "<group>";
		};
		738FA2662A33EA4700CAB9CA /* Views */ = {
			isa = PBXGroup;
			children = (
				73F2389A2A5A31A3005EA147 /* Home */,
				7392AD2F2A5F76430031E07A /* Zone */,
				73B6F9A52A3A29E5005AF153 /* Charts */,
				738F15BB2A60BF630052131C /* HelperView */,
			);
			path = Views;
			sourceTree = "<group>";
		};
		73909EF32A87D76F007A24DC /* Protocols */ = {
			isa = PBXGroup;
			children = (
				73909EF42A87D7FF007A24DC /* TimeUpDating.swift */,
			);
			path = Protocols;
			sourceTree = "<group>";
		};
		7392AD2F2A5F76430031E07A /* Zone */ = {
			isa = PBXGroup;
			children = (
				73B6F9AA2A3A95FA005AF153 /* ZoneSummaryView.swift */,
				73F5D0A62A797A470050149B /* ZoneListView.swift */,
				7392AD302A5F76990031E07A /* ClimbDescriptionView.swift */,
				734216512A43527200D248A2 /* ClimbEditSheet.swift */,
				73F5D0A82A7987560050149B /* DateEditSheet.swift */,
			);
			path = Zone;
			sourceTree = "<group>";
		};
		73B6F9A52A3A29E5005AF153 /* Charts */ = {
			isa = PBXGroup;
			children = (
				73A5A0062A66F19400ED0B12 /* AllChartsView.swift */,
				73B6F9A62A3A2A1B005AF153 /* GradeChartView.swift */,
				73D69DF22A62309900B68425 /* StyleChartView.swift */,
				739C34DE2A662376009CB3CF /* ChartDataModel.swift */,
			);
			path = Charts;
			sourceTree = "<group>";
		};
		73F2389A2A5A31A3005EA147 /* Home */ = {
			isa = PBXGroup;
			children = (
				738FA2672A33EA6500CAB9CA /* HomeView.swift */,
				735FFB4B2A3634410098C791 /* GymSummaryView.swift */,
				735FFB492A3527900098C791 /* AddGymView.swift */,
				73C35E832A857F27004B05D3 /* DifficultyCurveView.swift */,
			);
			path = Home;
			sourceTree = "<group>";
		};
		73F2389D2A5A3CDC005EA147 /* Helper */ = {
			isa = PBXGroup;
			children = (
				73F2389E2A5A3D0E005EA147 /* HelperExtensions.swift */,
				73E021952A97B7CE002CDF18 /* HelperMath.swift */,
			);
			path = Helper;
			sourceTree = "<group>";
		};
/* End PBXGroup section */

/* Begin PBXNativeTarget section */
		73553BEF2A33B375005974C8 /* SetTracker */ = {
			isa = PBXNativeTarget;
			buildConfigurationList = 73553C162A33B377005974C8 /* Build configuration list for PBXNativeTarget "SetTracker" */;
			buildPhases = (
				73553BEC2A33B375005974C8 /* Sources */,
				73553BED2A33B375005974C8 /* Frameworks */,
				73553BEE2A33B375005974C8 /* Resources */,
			);
			buildRules = (
			);
			dependencies = (
			);
			name = SetTracker;
			productName = SetTracker;
			productReference = 73553BF02A33B375005974C8 /* SetTracker.app */;
			productType = "com.apple.product-type.application";
		};
		73553C012A33B377005974C8 /* SetTrackerTests */ = {
			isa = PBXNativeTarget;
			buildConfigurationList = 73553C192A33B377005974C8 /* Build configuration list for PBXNativeTarget "SetTrackerTests" */;
			buildPhases = (
				73553BFE2A33B377005974C8 /* Sources */,
				73553BFF2A33B377005974C8 /* Frameworks */,
				73553C002A33B377005974C8 /* Resources */,
			);
			buildRules = (
			);
			dependencies = (
				73553C042A33B377005974C8 /* PBXTargetDependency */,
			);
			name = SetTrackerTests;
			productName = SetTrackerTests;
			productReference = 73553C022A33B377005974C8 /* SetTrackerTests.xctest */;
			productType = "com.apple.product-type.bundle.unit-test";
		};
		73553C0B2A33B377005974C8 /* SetTrackerUITests */ = {
			isa = PBXNativeTarget;
			buildConfigurationList = 73553C1C2A33B377005974C8 /* Build configuration list for PBXNativeTarget "SetTrackerUITests" */;
			buildPhases = (
				73553C082A33B377005974C8 /* Sources */,
				73553C092A33B377005974C8 /* Frameworks */,
				73553C0A2A33B377005974C8 /* Resources */,
			);
			buildRules = (
			);
			dependencies = (
				73553C0E2A33B377005974C8 /* PBXTargetDependency */,
			);
			name = SetTrackerUITests;
			productName = SetTrackerUITests;
			productReference = 73553C0C2A33B377005974C8 /* SetTrackerUITests.xctest */;
			productType = "com.apple.product-type.bundle.ui-testing";
		};
/* End PBXNativeTarget section */

/* Begin PBXProject section */
		73553BE82A33B375005974C8 /* Project object */ = {
			isa = PBXProject;
			attributes = {
				BuildIndependentTargetsInParallel = 1;
				LastSwiftUpdateCheck = 1500;
				LastUpgradeCheck = 1500;
				TargetAttributes = {
					73553BEF2A33B375005974C8 = {
						CreatedOnToolsVersion = 15.0;
					};
					73553C012A33B377005974C8 = {
						CreatedOnToolsVersion = 15.0;
						TestTargetID = 73553BEF2A33B375005974C8;
					};
					73553C0B2A33B377005974C8 = {
						CreatedOnToolsVersion = 15.0;
						TestTargetID = 73553BEF2A33B375005974C8;
					};
				};
			};
			buildConfigurationList = 73553BEB2A33B375005974C8 /* Build configuration list for PBXProject "SetTracker" */;
			compatibilityVersion = "Xcode 14.0";
			developmentRegion = en;
			hasScannedForEncodings = 0;
			knownRegions = (
				en,
				Base,
			);
			mainGroup = 73553BE72A33B375005974C8;
			productRefGroup = 73553BF12A33B375005974C8 /* Products */;
			projectDirPath = "";
			projectRoot = "";
			targets = (
				73553BEF2A33B375005974C8 /* SetTracker */,
				73553C012A33B377005974C8 /* SetTrackerTests */,
				73553C0B2A33B377005974C8 /* SetTrackerUITests */,
			);
		};
/* End PBXProject section */

/* Begin PBXResourcesBuildPhase section */
		73553BEE2A33B375005974C8 /* Resources */ = {
			isa = PBXResourcesBuildPhase;
			buildActionMask = 2147483647;
			files = (
				73553BFB2A33B377005974C8 /* Preview Assets.xcassets in Resources */,
				73553BF82A33B377005974C8 /* Assets.xcassets in Resources */,
			);
			runOnlyForDeploymentPostprocessing = 0;
		};
		73553C002A33B377005974C8 /* Resources */ = {
			isa = PBXResourcesBuildPhase;
			buildActionMask = 2147483647;
			files = (
			);
			runOnlyForDeploymentPostprocessing = 0;
		};
		73553C0A2A33B377005974C8 /* Resources */ = {
			isa = PBXResourcesBuildPhase;
			buildActionMask = 2147483647;
			files = (
			);
			runOnlyForDeploymentPostprocessing = 0;
		};
/* End PBXResourcesBuildPhase section */

/* Begin PBXSourcesBuildPhase section */
		73553BEC2A33B375005974C8 /* Sources */ = {
			isa = PBXSourcesBuildPhase;
			buildActionMask = 2147483647;
			files = (
				739C34DF2A662376009CB3CF /* ChartDataModel.swift in Sources */,
				73ACA5062A8AA8120098A507 /* ColorPicker.swift in Sources */,
				735FFB4A2A3527900098C791 /* AddGymView.swift in Sources */,
				734216522A43527200D248A2 /* ClimbEditSheet.swift in Sources */,
				73C35E842A857F27004B05D3 /* DifficultyCurveView.swift in Sources */,
				73B6F9AB2A3A95FA005AF153 /* ZoneSummaryView.swift in Sources */,
				73553C292A33B3DA005974C8 /* Grade.swift in Sources */,
				73553C272A33B3D5005974C8 /* Climb.swift in Sources */,
				7392AD312A5F76990031E07A /* ClimbDescriptionView.swift in Sources */,
				73553C232A33B3C9005974C8 /* Gym.swift in Sources */,
				73E2BF392A8D9EC900843376 /* GlobalModelContext.swift in Sources */,
				73F2389F2A5A3D0E005EA147 /* HelperExtensions.swift in Sources */,
				738F15BD2A60BFC40052131C /* MultiPicker.swift in Sources */,
				73B6F9A72A3A2A1B005AF153 /* GradeChartView.swift in Sources */,
				738FA2682A33EA6500CAB9CA /* HomeView.swift in Sources */,
				735FFB4C2A3634410098C791 /* GymSummaryView.swift in Sources */,
				7381FCAD2A8E705300B8C83D /* HoldColors.swift in Sources */,
				73A5A0072A66F19400ED0B12 /* AllChartsView.swift in Sources */,
				73B6F9A42A3A2004005AF153 /* PreviewSampleData.swift in Sources */,
				73909EF52A87D7FF007A24DC /* TimeUpDating.swift in Sources */,
				73D69DF32A62309A00B68425 /* StyleChartView.swift in Sources */,
				73E021962A97B7CE002CDF18 /* HelperMath.swift in Sources */,
				73F7DCC72A6F16620068C7E4 /* DifficultyCurve.swift in Sources */,
				7381FCAF2A8E708800B8C83D /* Style.swift in Sources */,
				7303CBC42A6EF9BF0073C51A /* TagCloudView.swift in Sources */,
				73F5D0A72A797A470050149B /* ZoneListView.swift in Sources */,
				73F5D0A92A7987560050149B /* DateEditSheet.swift in Sources */,
				73553BF42A33B375005974C8 /* SetTrackerApp.swift in Sources */,
				737EDCF42A899FBA0084AA89 /* HorizontalPicker.swift in Sources */,
				73553C252A33B3CF005974C8 /* Zone.swift in Sources */,
			);
			runOnlyForDeploymentPostprocessing = 0;
		};
		73553BFE2A33B377005974C8 /* Sources */ = {
			isa = PBXSourcesBuildPhase;
			buildActionMask = 2147483647;
			files = (
				73553C072A33B377005974C8 /* SetTrackerTests.swift in Sources */,
				738FA2652A33D94100CAB9CA /* ClimbTest.swift in Sources */,
				73553C2B2A33B61C005974C8 /* GradeTests.swift in Sources */,
			);
			runOnlyForDeploymentPostprocessing = 0;
		};
		73553C082A33B377005974C8 /* Sources */ = {
			isa = PBXSourcesBuildPhase;
			buildActionMask = 2147483647;
			files = (
				73553C132A33B377005974C8 /* SetTrackerUITestsLaunchTests.swift in Sources */,
				73553C112A33B377005974C8 /* SetTrackerUITests.swift in Sources */,
			);
			runOnlyForDeploymentPostprocessing = 0;
		};
/* End PBXSourcesBuildPhase section */

/* Begin PBXTargetDependency section */
		73553C042A33B377005974C8 /* PBXTargetDependency */ = {
			isa = PBXTargetDependency;
			target = 73553BEF2A33B375005974C8 /* SetTracker */;
			targetProxy = 73553C032A33B377005974C8 /* PBXContainerItemProxy */;
		};
		73553C0E2A33B377005974C8 /* PBXTargetDependency */ = {
			isa = PBXTargetDependency;
			target = 73553BEF2A33B375005974C8 /* SetTracker */;
			targetProxy = 73553C0D2A33B377005974C8 /* PBXContainerItemProxy */;
		};
/* End PBXTargetDependency section */

/* Begin XCBuildConfiguration section */
		73553C142A33B377005974C8 /* Debug */ = {
			isa = XCBuildConfiguration;
			buildSettings = {
				ALWAYS_SEARCH_USER_PATHS = NO;
				ASSETCATALOG_COMPILER_GENERATE_SWIFT_ASSET_SYMBOL_EXTENSIONS = YES;
				CLANG_ANALYZER_NONNULL = YES;
				CLANG_ANALYZER_NUMBER_OBJECT_CONVERSION = YES_AGGRESSIVE;
				CLANG_CXX_LANGUAGE_STANDARD = "gnu++20";
				CLANG_ENABLE_MODULES = YES;
				CLANG_ENABLE_OBJC_ARC = YES;
				CLANG_ENABLE_OBJC_WEAK = YES;
				CLANG_WARN_BLOCK_CAPTURE_AUTORELEASING = YES;
				CLANG_WARN_BOOL_CONVERSION = YES;
				CLANG_WARN_COMMA = YES;
				CLANG_WARN_CONSTANT_CONVERSION = YES;
				CLANG_WARN_DEPRECATED_OBJC_IMPLEMENTATIONS = YES;
				CLANG_WARN_DIRECT_OBJC_ISA_USAGE = YES_ERROR;
				CLANG_WARN_DOCUMENTATION_COMMENTS = YES;
				CLANG_WARN_EMPTY_BODY = YES;
				CLANG_WARN_ENUM_CONVERSION = YES;
				CLANG_WARN_INFINITE_RECURSION = YES;
				CLANG_WARN_INT_CONVERSION = YES;
				CLANG_WARN_NON_LITERAL_NULL_CONVERSION = YES;
				CLANG_WARN_OBJC_IMPLICIT_RETAIN_SELF = YES;
				CLANG_WARN_OBJC_LITERAL_CONVERSION = YES;
				CLANG_WARN_OBJC_ROOT_CLASS = YES_ERROR;
				CLANG_WARN_QUOTED_INCLUDE_IN_FRAMEWORK_HEADER = YES;
				CLANG_WARN_RANGE_LOOP_ANALYSIS = YES;
				CLANG_WARN_STRICT_PROTOTYPES = YES;
				CLANG_WARN_SUSPICIOUS_MOVE = YES;
				CLANG_WARN_UNGUARDED_AVAILABILITY = YES_AGGRESSIVE;
				CLANG_WARN_UNREACHABLE_CODE = YES;
				CLANG_WARN__DUPLICATE_METHOD_MATCH = YES;
				COPY_PHASE_STRIP = NO;
				DEBUG_INFORMATION_FORMAT = dwarf;
				ENABLE_STRICT_OBJC_MSGSEND = YES;
				ENABLE_TESTABILITY = YES;
				ENABLE_USER_SCRIPT_SANDBOXING = YES;
				GCC_C_LANGUAGE_STANDARD = gnu17;
				GCC_DYNAMIC_NO_PIC = NO;
				GCC_NO_COMMON_BLOCKS = YES;
				GCC_OPTIMIZATION_LEVEL = 0;
				GCC_PREPROCESSOR_DEFINITIONS = (
					"DEBUG=1",
					"$(inherited)",
				);
				GCC_WARN_64_TO_32_BIT_CONVERSION = YES;
				GCC_WARN_ABOUT_RETURN_TYPE = YES_ERROR;
				GCC_WARN_UNDECLARED_SELECTOR = YES;
				GCC_WARN_UNINITIALIZED_AUTOS = YES_AGGRESSIVE;
				GCC_WARN_UNUSED_FUNCTION = YES;
				GCC_WARN_UNUSED_VARIABLE = YES;
				IPHONEOS_DEPLOYMENT_TARGET = 17.0;
				LOCALIZATION_PREFERS_STRING_CATALOGS = YES;
				MTL_ENABLE_DEBUG_INFO = INCLUDE_SOURCE;
				MTL_FAST_MATH = YES;
				ONLY_ACTIVE_ARCH = YES;
				SDKROOT = iphoneos;
				SWIFT_ACTIVE_COMPILATION_CONDITIONS = "DEBUG $(inherited)";
				SWIFT_OPTIMIZATION_LEVEL = "-Onone";
			};
			name = Debug;
		};
		73553C152A33B377005974C8 /* Release */ = {
			isa = XCBuildConfiguration;
			buildSettings = {
				ALWAYS_SEARCH_USER_PATHS = NO;
				ASSETCATALOG_COMPILER_GENERATE_SWIFT_ASSET_SYMBOL_EXTENSIONS = YES;
				CLANG_ANALYZER_NONNULL = YES;
				CLANG_ANALYZER_NUMBER_OBJECT_CONVERSION = YES_AGGRESSIVE;
				CLANG_CXX_LANGUAGE_STANDARD = "gnu++20";
				CLANG_ENABLE_MODULES = YES;
				CLANG_ENABLE_OBJC_ARC = YES;
				CLANG_ENABLE_OBJC_WEAK = YES;
				CLANG_WARN_BLOCK_CAPTURE_AUTORELEASING = YES;
				CLANG_WARN_BOOL_CONVERSION = YES;
				CLANG_WARN_COMMA = YES;
				CLANG_WARN_CONSTANT_CONVERSION = YES;
				CLANG_WARN_DEPRECATED_OBJC_IMPLEMENTATIONS = YES;
				CLANG_WARN_DIRECT_OBJC_ISA_USAGE = YES_ERROR;
				CLANG_WARN_DOCUMENTATION_COMMENTS = YES;
				CLANG_WARN_EMPTY_BODY = YES;
				CLANG_WARN_ENUM_CONVERSION = YES;
				CLANG_WARN_INFINITE_RECURSION = YES;
				CLANG_WARN_INT_CONVERSION = YES;
				CLANG_WARN_NON_LITERAL_NULL_CONVERSION = YES;
				CLANG_WARN_OBJC_IMPLICIT_RETAIN_SELF = YES;
				CLANG_WARN_OBJC_LITERAL_CONVERSION = YES;
				CLANG_WARN_OBJC_ROOT_CLASS = YES_ERROR;
				CLANG_WARN_QUOTED_INCLUDE_IN_FRAMEWORK_HEADER = YES;
				CLANG_WARN_RANGE_LOOP_ANALYSIS = YES;
				CLANG_WARN_STRICT_PROTOTYPES = YES;
				CLANG_WARN_SUSPICIOUS_MOVE = YES;
				CLANG_WARN_UNGUARDED_AVAILABILITY = YES_AGGRESSIVE;
				CLANG_WARN_UNREACHABLE_CODE = YES;
				CLANG_WARN__DUPLICATE_METHOD_MATCH = YES;
				COPY_PHASE_STRIP = NO;
				DEBUG_INFORMATION_FORMAT = "dwarf-with-dsym";
				ENABLE_NS_ASSERTIONS = NO;
				ENABLE_STRICT_OBJC_MSGSEND = YES;
				ENABLE_USER_SCRIPT_SANDBOXING = YES;
				GCC_C_LANGUAGE_STANDARD = gnu17;
				GCC_NO_COMMON_BLOCKS = YES;
				GCC_WARN_64_TO_32_BIT_CONVERSION = YES;
				GCC_WARN_ABOUT_RETURN_TYPE = YES_ERROR;
				GCC_WARN_UNDECLARED_SELECTOR = YES;
				GCC_WARN_UNINITIALIZED_AUTOS = YES_AGGRESSIVE;
				GCC_WARN_UNUSED_FUNCTION = YES;
				GCC_WARN_UNUSED_VARIABLE = YES;
				IPHONEOS_DEPLOYMENT_TARGET = 17.0;
				LOCALIZATION_PREFERS_STRING_CATALOGS = YES;
				MTL_ENABLE_DEBUG_INFO = NO;
				MTL_FAST_MATH = YES;
				SDKROOT = iphoneos;
				SWIFT_COMPILATION_MODE = wholemodule;
				VALIDATE_PRODUCT = YES;
			};
			name = Release;
		};
		73553C172A33B377005974C8 /* Debug */ = {
			isa = XCBuildConfiguration;
			buildSettings = {
				ASSETCATALOG_COMPILER_APPICON_NAME = AppIcon;
				ASSETCATALOG_COMPILER_GLOBAL_ACCENT_COLOR_NAME = AccentColor;
				CODE_SIGN_STYLE = Automatic;
				CURRENT_PROJECT_VERSION = 1;
				DEVELOPMENT_ASSET_PATHS = "\"SetTracker/Preview Content\"";
				DEVELOPMENT_TEAM = F4APFPN2XP;
				ENABLE_PREVIEWS = YES;
				GENERATE_INFOPLIST_FILE = YES;
				INFOPLIST_KEY_UIApplicationSceneManifest_Generation = YES;
				INFOPLIST_KEY_UIApplicationSupportsIndirectInputEvents = YES;
				INFOPLIST_KEY_UILaunchScreen_Generation = YES;
				INFOPLIST_KEY_UISupportedInterfaceOrientations_iPad = "UIInterfaceOrientationPortrait UIInterfaceOrientationPortraitUpsideDown UIInterfaceOrientationLandscapeLeft UIInterfaceOrientationLandscapeRight";
				INFOPLIST_KEY_UISupportedInterfaceOrientations_iPhone = "UIInterfaceOrientationPortrait UIInterfaceOrientationLandscapeLeft UIInterfaceOrientationLandscapeRight";
				LD_RUNPATH_SEARCH_PATHS = (
					"$(inherited)",
					"@executable_path/Frameworks",
				);
				MARKETING_VERSION = 1.0;
				PRODUCT_BUNDLE_IDENTIFIER = me.bradyrobshaw.SetTracker;
				PRODUCT_NAME = "$(TARGET_NAME)";
				SWIFT_EMIT_LOC_STRINGS = YES;
				SWIFT_VERSION = 5.0;
				TARGETED_DEVICE_FAMILY = "1,2";
			};
			name = Debug;
		};
		73553C182A33B377005974C8 /* Release */ = {
			isa = XCBuildConfiguration;
			buildSettings = {
				ASSETCATALOG_COMPILER_APPICON_NAME = AppIcon;
				ASSETCATALOG_COMPILER_GLOBAL_ACCENT_COLOR_NAME = AccentColor;
				CODE_SIGN_STYLE = Automatic;
				CURRENT_PROJECT_VERSION = 1;
				DEVELOPMENT_ASSET_PATHS = "\"SetTracker/Preview Content\"";
				DEVELOPMENT_TEAM = F4APFPN2XP;
				ENABLE_PREVIEWS = YES;
				GENERATE_INFOPLIST_FILE = YES;
				INFOPLIST_KEY_UIApplicationSceneManifest_Generation = YES;
				INFOPLIST_KEY_UIApplicationSupportsIndirectInputEvents = YES;
				INFOPLIST_KEY_UILaunchScreen_Generation = YES;
				INFOPLIST_KEY_UISupportedInterfaceOrientations_iPad = "UIInterfaceOrientationPortrait UIInterfaceOrientationPortraitUpsideDown UIInterfaceOrientationLandscapeLeft UIInterfaceOrientationLandscapeRight";
				INFOPLIST_KEY_UISupportedInterfaceOrientations_iPhone = "UIInterfaceOrientationPortrait UIInterfaceOrientationLandscapeLeft UIInterfaceOrientationLandscapeRight";
				LD_RUNPATH_SEARCH_PATHS = (
					"$(inherited)",
					"@executable_path/Frameworks",
				);
				MARKETING_VERSION = 1.0;
				PRODUCT_BUNDLE_IDENTIFIER = me.bradyrobshaw.SetTracker;
				PRODUCT_NAME = "$(TARGET_NAME)";
				SWIFT_EMIT_LOC_STRINGS = YES;
				SWIFT_VERSION = 5.0;
				TARGETED_DEVICE_FAMILY = "1,2";
			};
			name = Release;
		};
		73553C1A2A33B377005974C8 /* Debug */ = {
			isa = XCBuildConfiguration;
			buildSettings = {
				ALWAYS_EMBED_SWIFT_STANDARD_LIBRARIES = YES;
				BUNDLE_LOADER = "$(TEST_HOST)";
				CODE_SIGN_STYLE = Automatic;
				CURRENT_PROJECT_VERSION = 1;
				DEVELOPMENT_TEAM = F4APFPN2XP;
				GENERATE_INFOPLIST_FILE = YES;
				IPHONEOS_DEPLOYMENT_TARGET = 17.0;
				MARKETING_VERSION = 1.0;
				PRODUCT_BUNDLE_IDENTIFIER = me.bradyrobshaw.SetTrackerTests;
				PRODUCT_NAME = "$(TARGET_NAME)";
				SWIFT_EMIT_LOC_STRINGS = NO;
				SWIFT_VERSION = 5.0;
				TARGETED_DEVICE_FAMILY = "1,2";
				TEST_HOST = "$(BUILT_PRODUCTS_DIR)/SetTracker.app/$(BUNDLE_EXECUTABLE_FOLDER_PATH)/SetTracker";
			};
			name = Debug;
		};
		73553C1B2A33B377005974C8 /* Release */ = {
			isa = XCBuildConfiguration;
			buildSettings = {
				ALWAYS_EMBED_SWIFT_STANDARD_LIBRARIES = YES;
				BUNDLE_LOADER = "$(TEST_HOST)";
				CODE_SIGN_STYLE = Automatic;
				CURRENT_PROJECT_VERSION = 1;
				DEVELOPMENT_TEAM = F4APFPN2XP;
				GENERATE_INFOPLIST_FILE = YES;
				IPHONEOS_DEPLOYMENT_TARGET = 17.0;
				MARKETING_VERSION = 1.0;
				PRODUCT_BUNDLE_IDENTIFIER = me.bradyrobshaw.SetTrackerTests;
				PRODUCT_NAME = "$(TARGET_NAME)";
				SWIFT_EMIT_LOC_STRINGS = NO;
				SWIFT_VERSION = 5.0;
				TARGETED_DEVICE_FAMILY = "1,2";
				TEST_HOST = "$(BUILT_PRODUCTS_DIR)/SetTracker.app/$(BUNDLE_EXECUTABLE_FOLDER_PATH)/SetTracker";
			};
			name = Release;
		};
		73553C1D2A33B377005974C8 /* Debug */ = {
			isa = XCBuildConfiguration;
			buildSettings = {
				ALWAYS_EMBED_SWIFT_STANDARD_LIBRARIES = YES;
				CODE_SIGN_STYLE = Automatic;
				CURRENT_PROJECT_VERSION = 1;
				DEVELOPMENT_TEAM = F4APFPN2XP;
				GENERATE_INFOPLIST_FILE = YES;
				MARKETING_VERSION = 1.0;
				PRODUCT_BUNDLE_IDENTIFIER = me.bradyrobshaw.SetTrackerUITests;
				PRODUCT_NAME = "$(TARGET_NAME)";
				SWIFT_EMIT_LOC_STRINGS = NO;
				SWIFT_VERSION = 5.0;
				TARGETED_DEVICE_FAMILY = "1,2";
				TEST_TARGET_NAME = SetTracker;
			};
			name = Debug;
		};
		73553C1E2A33B377005974C8 /* Release */ = {
			isa = XCBuildConfiguration;
			buildSettings = {
				ALWAYS_EMBED_SWIFT_STANDARD_LIBRARIES = YES;
				CODE_SIGN_STYLE = Automatic;
				CURRENT_PROJECT_VERSION = 1;
				DEVELOPMENT_TEAM = F4APFPN2XP;
				GENERATE_INFOPLIST_FILE = YES;
				MARKETING_VERSION = 1.0;
				PRODUCT_BUNDLE_IDENTIFIER = me.bradyrobshaw.SetTrackerUITests;
				PRODUCT_NAME = "$(TARGET_NAME)";
				SWIFT_EMIT_LOC_STRINGS = NO;
				SWIFT_VERSION = 5.0;
				TARGETED_DEVICE_FAMILY = "1,2";
				TEST_TARGET_NAME = SetTracker;
			};
			name = Release;
		};
/* End XCBuildConfiguration section */

/* Begin XCConfigurationList section */
		73553BEB2A33B375005974C8 /* Build configuration list for PBXProject "SetTracker" */ = {
			isa = XCConfigurationList;
			buildConfigurations = (
				73553C142A33B377005974C8 /* Debug */,
				73553C152A33B377005974C8 /* Release */,
			);
			defaultConfigurationIsVisible = 0;
			defaultConfigurationName = Release;
		};
		73553C162A33B377005974C8 /* Build configuration list for PBXNativeTarget "SetTracker" */ = {
			isa = XCConfigurationList;
			buildConfigurations = (
				73553C172A33B377005974C8 /* Debug */,
				73553C182A33B377005974C8 /* Release */,
			);
			defaultConfigurationIsVisible = 0;
			defaultConfigurationName = Release;
		};
		73553C192A33B377005974C8 /* Build configuration list for PBXNativeTarget "SetTrackerTests" */ = {
			isa = XCConfigurationList;
			buildConfigurations = (
				73553C1A2A33B377005974C8 /* Debug */,
				73553C1B2A33B377005974C8 /* Release */,
			);
			defaultConfigurationIsVisible = 0;
			defaultConfigurationName = Release;
		};
		73553C1C2A33B377005974C8 /* Build configuration list for PBXNativeTarget "SetTrackerUITests" */ = {
			isa = XCConfigurationList;
			buildConfigurations = (
				73553C1D2A33B377005974C8 /* Debug */,
				73553C1E2A33B377005974C8 /* Release */,
			);
			defaultConfigurationIsVisible = 0;
			defaultConfigurationName = Release;
		};
/* End XCConfigurationList section */
	};
	rootObject = 73553BE82A33B375005974C8 /* Project object */;
}
